PODS:
  - Alamofire (5.4.4)
  - KDCircularProgress (1.5.4)
  - Kingfisher (7.3.2)
  - MBCircularProgressBar (0.3.5)

DEPENDENCIES:
  - Alamofire
  - KDCircularProgress
  - Kingfisher
  - MBCircularProgressBar

SPEC REPOS:
  trunk:
    - Alamofire
    - KDCircularProgress
    - Kingfisher
    - MBCircularProgressBar

SPEC CHECKSUMS:
  Alamofire: f3b09a368f1582ab751b3fff5460276e0d2cf5c9
  KDCircularProgress: 98200c6b8e85d22bc04eb644721d3b1e12b0686b
  Kingfisher: 0086ad83719761ba9b2cdaf6ef4d5b4878cbae23
  MBCircularProgressBar: 0b795b722a5eb5b0923822f90474e2576a1a7855

PODFILE CHECKSUM: 014f0f68d5711f751cdd45534ec3cb46dd18f352

COCOAPODS: 1.11.3
